
Microsoft Visual Studio Solution File, Format Version 11.00
# Visual Studio 2010
Project("{FAE04EC0-301F-11D3-BF4B-00C04F79EFBC}") = "Assembly-CSharp", "Assembly-CSharp.csproj", "{48df5032-6e6e-0342-09f1-c6e1af384c36}"
EndProject
Project("{FAE04EC0-301F-11D3-BF4B-00C04F79EFBC}") = "Assembly-CSharp-Editor", "Assembly-CSharp-Editor.csproj", "{8b8df249-a116-7c9b-c603-f2d7ed9f910a}"
EndProject
Global
	GlobalSection(SolutionConfigurationPlatforms) = preSolution
		Debug|Any CPU = Debug|Any CPU
	EndGlobalSection
	GlobalSection(ProjectConfigurationPlatforms) = postSolution
		{48df5032-6e6e-0342-09f1-c6e1af384c36}.Debug|Any CPU.ActiveCfg = Debug|Any CPU
		{48df5032-6e6e-0342-09f1-c6e1af384c36}.Debug|Any CPU.Build.0 = Debug|Any CPU
		{8b8df249-a116-7c9b-c603-f2d7ed9f910a}.Debug|Any CPU.ActiveCfg = Debug|Any CPU
		{8b8df249-a116-7c9b-c603-f2d7ed9f910a}.Debug|Any CPU.Build.0 = Debug|Any CPU
	EndGlobalSection
	GlobalSection(SolutionProperties) = preSolution
		HideSolutionNode = FALSE
	EndGlobalSection
EndGlobal
